<?xml version="1.0" encoding="utf-8"?>
<Project ToolsVersion="4.0" xmlns="http://schemas.microsoft.com/developer/msbuild/2003">
  <ItemGroup>
    <Filter Include="Source Files">
      <UniqueIdentifier>{4FC737F1-C7A5-4376-A066-2A32D752A2FF}</UniqueIdentifier>
      <Extensions>cpp;c;cc;cxx;def;odl;idl;hpj;bat;asm;asmx</Extensions>
    </Filter>
    <Filter Include="Header Files">
      <UniqueIdentifier>{93995380-89BD-4b04-88EB-625FBE52EBFB}</UniqueIdentifier>
      <Extensions>h;hpp;hxx;hm;inl;inc;xsd</Extensions>
    </Filter>
    <Filter Include="Resource Files">
      <UniqueIdentifier>{67DA6AB6-F800-4c08-8B7A-83BB121AAD01}</UniqueIdentifier>
      <Extensions>rc;ico;cur;bmp;dlg;rc2;rct;bin;rgs;gif;jpg;jpeg;jpe;resx;tiff;tif;png;wav</Extensions>
    </Filter>
    <Filter Include="Header Files\Animation">
      <UniqueIdentifier>{7adce0f4-8354-4e93-9f3b-7fc22227ea08}</UniqueIdentifier>
    </Filter>
    <Filter Include="Source Files\Animation">
      <UniqueIdentifier>{6ec20aaa-9c38-462f-9336-0dc352da7fb9}</UniqueIdentifier>
    </Filter>
    <Filter Include="Header Files\General">
      <UniqueIdentifier>{aeedafa5-e746-4e85-ac6a-dab61a17b85f}</UniqueIdentifier>
    </Filter>
    <Filter Include="Source Files\General">
      <UniqueIdentifier>{06ed29ce-860e-4f10-86c9-2348f99b4dd0}</UniqueIdentifier>
    </Filter>
    <Filter Include="Header Files\SkeletonCode">
      <UniqueIdentifier>{80cd706c-b0b1-4a82-b0cd-12886c8aa4e7}</UniqueIdentifier>
    </Filter>
    <Filter Include="Source Files\SkeletonCode">
      <UniqueIdentifier>{fec51701-742a-4f18-9fd3-67ff938bd19f}</UniqueIdentifier>
    </Filter>
    <Filter Include="Header Files\Animation\Loading">
      <UniqueIdentifier>{4367dd27-69ab-48ec-bd6f-5399f36ae5bf}</UniqueIdentifier>
    </Filter>
    <Filter Include="Source Files\Animation\Loading">
      <UniqueIdentifier>{c8fe2177-1f25-4a82-98c0-3870140585bf}</UniqueIdentifier>
    </Filter>
    <Filter Include="Header Files\Animation\Loading\Data">
      <UniqueIdentifier>{ab8fc61f-8b2b-4a2e-a8f2-c4d65a479778}</UniqueIdentifier>
    </Filter>
    <Filter Include="Source Files\Components">
      <UniqueIdentifier>{46a1b832-eff2-4d9a-b598-e852bdfaa502}</UniqueIdentifier>
    </Filter>
    <Filter Include="Header Files\Components">
      <UniqueIdentifier>{d1114950-809e-4f14-b5f7-f349d0936502}</UniqueIdentifier>
    </Filter>
  </ItemGroup>
  <ItemGroup>
    <ClCompile Include="AnimatedMesh.cpp">
      <Filter>Source Files\Animation</Filter>
    </ClCompile>
    <ClCompile Include="Joint.cpp">
      <Filter>Source Files\Animation</Filter>
    </ClCompile>
    <ClCompile Include="AnimatedModelLoader.cpp">
      <Filter>Source Files\Animation</Filter>
    </ClCompile>
    <ClCompile Include="VAO.cpp">
      <Filter>Source Files\General</Filter>
    </ClCompile>
    <ClCompile Include="Application.cpp">
      <Filter>Source Files\SkeletonCode</Filter>
    </ClCompile>
    <ClCompile Include="Control.cpp">
      <Filter>Source Files\SkeletonCode</Filter>
    </ClCompile>
    <ClCompile Include="GLError.cpp">
      <Filter>Source Files\SkeletonCode</Filter>
    </ClCompile>
    <ClCompile Include="GLSL.cpp">
      <Filter>Source Files\SkeletonCode</Filter>
    </ClCompile>
    <ClCompile Include="Node.cpp">
      <Filter>Source Files\SkeletonCode</Filter>
    </ClCompile>
    <ClCompile Include="Robot.cpp">
      <Filter>Source Files\SkeletonCode</Filter>
    </ClCompile>
    <ClCompile Include="Scenegraph.cpp">
      <Filter>Source Files\SkeletonCode</Filter>
    </ClCompile>
    <ClCompile Include="TriangleMesh.cpp">
      <Filter>Source Files\SkeletonCode</Filter>
    </ClCompile>
    <ClCompile Include="Window.cpp">
      <Filter>Source Files\SkeletonCode</Filter>
    </ClCompile>
    <ClCompile Include="VBO.cpp">
      <Filter>Source Files\General</Filter>
    </ClCompile>
    <ClCompile Include="Texture.cpp">
      <Filter>Source Files\SkeletonCode</Filter>
    </ClCompile>
    <ClCompile Include="ColladaLoader.cpp">
      <Filter>Source Files\Animation\Loading</Filter>
    </ClCompile>
    <ClCompile Include="SkinLoader.cpp">
      <Filter>Source Files\Animation\Loading</Filter>
    </ClCompile>
    <ClCompile Include="SkeletonLoader.cpp">
      <Filter>Source Files\Animation\Loading</Filter>
    </ClCompile>
    <ClCompile Include="GeometryLoader.cpp">
      <Filter>Source Files\Animation\Loading</Filter>
    </ClCompile>
    <ClCompile Include="Mesh.cpp">
      <Filter>Source Files\Components</Filter>
    </ClCompile>
  </ItemGroup>
  <ItemGroup>
    <ClInclude Include="AnimatedMesh.h">
      <Filter>Header Files\Animation</Filter>
    </ClInclude>
    <ClInclude Include="Joint.h">
      <Filter>Header Files\Animation</Filter>
    </ClInclude>
    <ClInclude Include="AnimatedModelLoader.h">
      <Filter>Header Files\Animation</Filter>
    </ClInclude>
    <ClInclude Include="VAO.h">
      <Filter>Header Files\General</Filter>
    </ClInclude>
    <ClInclude Include="Application.hpp">
      <Filter>Header Files\SkeletonCode</Filter>
    </ClInclude>
    <ClInclude Include="Context.hpp">
      <Filter>Header Files\SkeletonCode</Filter>
    </ClInclude>
    <ClInclude Include="Control.hpp">
      <Filter>Header Files\SkeletonCode</Filter>
    </ClInclude>
    <ClInclude Include="Debug.hpp">
      <Filter>Header Files\SkeletonCode</Filter>
    </ClInclude>
    <ClInclude Include="GLError.hpp">
      <Filter>Header Files\SkeletonCode</Filter>
    </ClInclude>
    <ClInclude Include="GLIncludes.hpp">
      <Filter>Header Files\SkeletonCode</Filter>
    </ClInclude>
    <ClInclude Include="GLSL.hpp">
      <Filter>Header Files\SkeletonCode</Filter>
    </ClInclude>
    <ClInclude Include="Node.hpp">
      <Filter>Header Files\SkeletonCode</Filter>
    </ClInclude>
    <ClInclude Include="Robot.hpp">
      <Filter>Header Files\SkeletonCode</Filter>
    </ClInclude>
    <ClInclude Include="RotationMode.hpp">
      <Filter>Header Files\SkeletonCode</Filter>
    </ClInclude>
    <ClInclude Include="Scenegraph.hpp">
      <Filter>Header Files\SkeletonCode</Filter>
    </ClInclude>
    <ClInclude Include="Shaders.hpp">
      <Filter>Header Files\SkeletonCode</Filter>
    </ClInclude>
    <ClInclude Include="TriangleMesh.hpp">
      <Filter>Header Files\SkeletonCode</Filter>
    </ClInclude>
    <ClInclude Include="Window.hpp">
      <Filter>Header Files\SkeletonCode</Filter>
    </ClInclude>
    <ClInclude Include="VBO.h">
      <Filter>Header Files\General</Filter>
    </ClInclude>
    <ClInclude Include="Texture.hpp">
      <Filter>Header Files\SkeletonCode</Filter>
    </ClInclude>
    <ClInclude Include="ColladaLoader.h">
      <Filter>Header Files\Animation\Loading</Filter>
    </ClInclude>
    <ClInclude Include="SkinLoader.h">
      <Filter>Header Files\Animation\Loading</Filter>
    </ClInclude>
    <ClInclude Include="SkeletonLoader.h">
      <Filter>Header Files\Animation\Loading</Filter>
    </ClInclude>
    <ClInclude Include="GeometryLoader.h">
      <Filter>Header Files\Animation\Loading</Filter>
    </ClInclude>
    <ClInclude Include="AnimatedModelData.h">
      <Filter>Header Files\Animation\Loading\Data</Filter>
    </ClInclude>
    <ClInclude Include="JointData.h">
      <Filter>Header Files\Animation\Loading\Data</Filter>
    </ClInclude>
    <ClInclude Include="MeshData.h">
      <Filter>Header Files\Animation\Loading\Data</Filter>
    </ClInclude>
    <ClInclude Include="SkeletonData.h">
      <Filter>Header Files\Animation\Loading\Data</Filter>
    </ClInclude>
    <ClInclude Include="SkinningData.h">
      <Filter>Header Files\Animation\Loading\Data</Filter>
    </ClInclude>
    <ClInclude Include="VertexSkinData.h">
      <Filter>Header Files\Animation\Loading\Data</Filter>
    </ClInclude>
    <ClInclude Include="Vertex.h">
      <Filter>Header Files\Animation\Loading\Data</Filter>
    </ClInclude>
    <ClInclude Include="Mesh.h">
      <Filter>Header Files\Components</Filter>
    </ClInclude>
  </ItemGroup>
  <ItemGroup>
    <ResourceCompile Include="cg_ex2.rc">
      <Filter>Resource Files</Filter>
    </ResourceCompile>
  </ItemGroup>
</Project>